// !$*UTF8*$!
{
	archiveVersion = 1;
	classes = {
	};
	objectVersion = 48;
	objects = {

/* Begin PBXBuildFile section */
		C50905AB203EF7E200301576 /* AppDelegate.swift in Sources */ = {isa = PBXBuildFile; fileRef = C50905AA203EF7E200301576 /* AppDelegate.swift */; };
		C50905AD203EF7E200301576 /* TodoListViewController.swift in Sources */ = {isa = PBXBuildFile; fileRef = C50905AC203EF7E200301576 /* TodoListViewController.swift */; };
		C50905B0203EF7E200301576 /* Main.storyboard in Resources */ = {isa = PBXBuildFile; fileRef = C50905AE203EF7E200301576 /* Main.storyboard */; };
		C50905B2203EF7E200301576 /* Assets.xcassets in Resources */ = {isa = PBXBuildFile; fileRef = C50905B1203EF7E200301576 /* Assets.xcassets */; };
		C50905B5203EF7E200301576 /* LaunchScreen.storyboard in Resources */ = {isa = PBXBuildFile; fileRef = C50905B3203EF7E200301576 /* LaunchScreen.storyboard */; };
		C56642172042E1B3008DB759 /* Item.swift in Sources */ = {isa = PBXBuildFile; fileRef = C56642162042E1B3008DB759 /* Item.swift */; };
		C56642192042E1C8008DB759 /* Category.swift in Sources */ = {isa = PBXBuildFile; fileRef = C56642182042E1C8008DB759 /* Category.swift */; };
		C5ED3CFD20411E6C00C17658 /* CategoryViewController.swift in Sources */ = {isa = PBXBuildFile; fileRef = C5ED3CFC20411E6C00C17658 /* CategoryViewController.swift */; };
		C7497614CE81EEC0828CA041 /* Pods_Todoey.framework in Frameworks */ = {isa = PBXBuildFile; fileRef = 164D0C2EFBAEFFE62D733EA9 /* Pods_Todoey.framework */; };
/* End PBXBuildFile section */

/* Begin PBXFileReference section */
		164D0C2EFBAEFFE62D733EA9 /* Pods_Todoey.framework */ = {isa = PBXFileReference; explicitFileType = wrapper.framework; includeInIndex = 0; path = Pods_Todoey.framework; sourceTree = BUILT_PRODUCTS_DIR; };
		6136CC516941C8DBBAE12687 /* Pods-Todoey.debug.xcconfig */ = {isa = PBXFileReference; includeInIndex = 1; lastKnownFileType = text.xcconfig; name = "Pods-Todoey.debug.xcconfig"; path = "Pods/Target Support Files/Pods-Todoey/Pods-Todoey.debug.xcconfig"; sourceTree = "<group>"; };
		C50905A7203EF7E200301576 /* Todoey.app */ = {isa = PBXFileReference; explicitFileType = wrapper.application; includeInIndex = 0; path = Todoey.app; sourceTree = BUILT_PRODUCTS_DIR; };
		C50905AA203EF7E200301576 /* AppDelegate.swift */ = {isa = PBXFileReference; lastKnownFileType = sourcecode.swift; path = AppDelegate.swift; sourceTree = "<group>"; };
		C50905AC203EF7E200301576 /* TodoListViewController.swift */ = {isa = PBXFileReference; lastKnownFileType = sourcecode.swift; path = TodoListViewController.swift; sourceTree = "<group>"; };
		C50905AF203EF7E200301576 /* Base */ = {isa = PBXFileReference; lastKnownFileType = file.storyboard; name = Base; path = Base.lproj/Main.storyboard; sourceTree = "<group>"; };
		C50905B1203EF7E200301576 /* Assets.xcassets */ = {isa = PBXFileReference; lastKnownFileType = folder.assetcatalog; path = Assets.xcassets; sourceTree = "<group>"; };
		C50905B4203EF7E200301576 /* Base */ = {isa = PBXFileReference; lastKnownFileType = file.storyboard; name = Base; path = Base.lproj/LaunchScreen.storyboard; sourceTree = "<group>"; };
		C50905B6203EF7E200301576 /* Info.plist */ = {isa = PBXFileReference; lastKnownFileType = text.plist.xml; path = Info.plist; sourceTree = "<group>"; };
		C56642162042E1B3008DB759 /* Item.swift */ = {isa = PBXFileReference; lastKnownFileType = sourcecode.swift; path = Item.swift; sourceTree = "<group>"; };
		C56642182042E1C8008DB759 /* Category.swift */ = {isa = PBXFileReference; lastKnownFileType = sourcecode.swift; path = Category.swift; sourceTree = "<group>"; };
		C5ED3CFC20411E6C00C17658 /* CategoryViewController.swift */ = {isa = PBXFileReference; lastKnownFileType = sourcecode.swift; name = CategoryViewController.swift; path = Todoey/Controller/CategoryViewController.swift; sourceTree = SOURCE_ROOT; };
		D5984E0551BFC481053D3267 /* Pods-Todoey.release.xcconfig */ = {isa = PBXFileReference; includeInIndex = 1; lastKnownFileType = text.xcconfig; name = "Pods-Todoey.release.xcconfig"; path = "Pods/Target Support Files/Pods-Todoey/Pods-Todoey.release.xcconfig"; sourceTree = "<group>"; };
/* End PBXFileReference section */

/* Begin PBXFrameworksBuildPhase section */
		C50905A4203EF7E200301576 /* Frameworks */ = {
			isa = PBXFrameworksBuildPhase;
			buildActionMask = 2147483647;
			files = (
				C7497614CE81EEC0828CA041 /* Pods_Todoey.framework in Frameworks */,
			);
			runOnlyForDeploymentPostprocessing = 0;
		};
/* End PBXFrameworksBuildPhase section */

/* Begin PBXGroup section */
		44CD1FBE09D3F3E3EF3194CD /* Frameworks */ = {
			isa = PBXGroup;
			children = (
				164D0C2EFBAEFFE62D733EA9 /* Pods_Todoey.framework */,
			);
			name = Frameworks;
			sourceTree = "<group>";
		};
		A90833FBF3C13BC025E02C2C /* Pods */ = {
			isa = PBXGroup;
			children = (
				6136CC516941C8DBBAE12687 /* Pods-Todoey.debug.xcconfig */,
				D5984E0551BFC481053D3267 /* Pods-Todoey.release.xcconfig */,
			);
			name = Pods;
			sourceTree = "<group>";
		};
		C509059E203EF7E200301576 = {
			isa = PBXGroup;
			children = (
				C50905A9203EF7E200301576 /* Todoey */,
				C50905A8203EF7E200301576 /* Products */,
				A90833FBF3C13BC025E02C2C /* Pods */,
				44CD1FBE09D3F3E3EF3194CD /* Frameworks */,
			);
			sourceTree = "<group>";
		};
		C50905A8203EF7E200301576 /* Products */ = {
			isa = PBXGroup;
			children = (
				C50905A7203EF7E200301576 /* Todoey.app */,
			);
			name = Products;
			sourceTree = "<group>";
		};
		C50905A9203EF7E200301576 /* Todoey */ = {
			isa = PBXGroup;
			children = (
				C50905AA203EF7E200301576 /* AppDelegate.swift */,
				C50905BF203F144B00301576 /* Controller */,
				C50905BE203F143900301576 /* Data Model */,
				C50905C0203F145200301576 /* Views */,
				C50905C1203F147200301576 /* Supporting Files */,
				C50905B6203EF7E200301576 /* Info.plist */,
			);
			path = Todoey;
			sourceTree = "<group>";
		};
		C50905BE203F143900301576 /* Data Model */ = {
			isa = PBXGroup;
			children = (
				C56642182042E1C8008DB759 /* Category.swift */,
				C56642162042E1B3008DB759 /* Item.swift */,
			);
			path = "Data Model";
			sourceTree = "<group>";
		};
		C50905BF203F144B00301576 /* Controller */ = {
			isa = PBXGroup;
			children = (
				C5ED3CFC20411E6C00C17658 /* CategoryViewController.swift */,
				C50905AC203EF7E200301576 /* TodoListViewController.swift */,
			);
			path = Controller;
			sourceTree = "<group>";
		};
		C50905C0203F145200301576 /* Views */ = {
			isa = PBXGroup;
			children = (
				C50905AE203EF7E200301576 /* Main.storyboard */,
			);
			path = Views;
			sourceTree = "<group>";
		};
		C50905C1203F147200301576 /* Supporting Files */ = {
			isa = PBXGroup;
			children = (
				C50905B1203EF7E200301576 /* Assets.xcassets */,
				C50905B3203EF7E200301576 /* LaunchScreen.storyboard */,
			);
			path = "Supporting Files";
			sourceTree = "<group>";
		};
/* End PBXGroup section */

/* Begin PBXNativeTarget section */
		C50905A6203EF7E200301576 /* Todoey */ = {
			isa = PBXNativeTarget;
			buildConfigurationList = C50905B9203EF7E200301576 /* Build configuration list for PBXNativeTarget "Todoey" */;
			buildPhases = (
				E3569C8159B2B75D668F1B42 /* [CP] Check Pods Manifest.lock */,
				C50905A3203EF7E200301576 /* Sources */,
				C50905A4203EF7E200301576 /* Frameworks */,
				C50905A5203EF7E200301576 /* Resources */,
				E100713C5D53DBC95D5DA97A /* [CP] Embed Pods Frameworks */,
				CDA2B7026F639FF09F464A85 /* [CP] Copy Pods Resources */,
			);
			buildRules = (
			);
			dependencies = (
			);
			name = Todoey;
			productName = Todoey;
			productReference = C50905A7203EF7E200301576 /* Todoey.app */;
			productType = "com.apple.product-type.application";
		};
/* End PBXNativeTarget section */

/* Begin PBXProject section */
		C509059F203EF7E200301576 /* Project object */ = {
			isa = PBXProject;
			attributes = {
				LastSwiftUpdateCheck = 0900;
				LastUpgradeCheck = 0900;
				ORGANIZATIONNAME = "Bobby Oeng";
				TargetAttributes = {
					C50905A6203EF7E200301576 = {
						CreatedOnToolsVersion = 9.0.1;
						ProvisioningStyle = Automatic;
					};
				};
			};
			buildConfigurationList = C50905A2203EF7E200301576 /* Build configuration list for PBXProject "Todoey" */;
			compatibilityVersion = "Xcode 8.0";
			developmentRegion = en;
			hasScannedForEncodings = 0;
			knownRegions = (
				en,
				Base,
			);
			mainGroup = C509059E203EF7E200301576;
			productRefGroup = C50905A8203EF7E200301576 /* Products */;
			projectDirPath = "";
			projectRoot = "";
			targets = (
				C50905A6203EF7E200301576 /* Todoey */,
			);
		};
/* End PBXProject section */

/* Begin PBXResourcesBuildPhase section */
		C50905A5203EF7E200301576 /* Resources */ = {
			isa = PBXResourcesBuildPhase;
			buildActionMask = 2147483647;
			files = (
				C50905B5203EF7E200301576 /* LaunchScreen.storyboard in Resources */,
				C50905B2203EF7E200301576 /* Assets.xcassets in Resources */,
				C50905B0203EF7E200301576 /* Main.storyboard in Resources */,
			);
			runOnlyForDeploymentPostprocessing = 0;
		};
/* End PBXResourcesBuildPhase section */

/* Begin PBXShellScriptBuildPhase section */
		CDA2B7026F639FF09F464A85 /* [CP] Copy Pods Resources */ = {
			isa = PBXShellScriptBuildPhase;
			buildActionMask = 2147483647;
			files = (
			);
			inputPaths = (
			);
			name = "[CP] Copy Pods Resources";
			outputPaths = (
			);
			runOnlyForDeploymentPostprocessing = 0;
			shellPath = /bin/sh;
			shellScript = "\"${SRCROOT}/Pods/Target Support Files/Pods-Todoey/Pods-Todoey-resources.sh\"\n";
			showEnvVarsInLog = 0;
		};
		E100713C5D53DBC95D5DA97A /* [CP] Embed Pods Frameworks */ = {
			isa = PBXShellScriptBuildPhase;
			buildActionMask = 2147483647;
			files = (
			);
			inputPaths = (
				"${SRCROOT}/Pods/Target Support Files/Pods-Todoey/Pods-Todoey-frameworks.sh",
				"${BUILT_PRODUCTS_DIR}/Realm/Realm.framework",
				"${BUILT_PRODUCTS_DIR}/RealmSwift/RealmSwift.framework",
			);
			name = "[CP] Embed Pods Frameworks";
			outputPaths = (
				"${TARGET_BUILD_DIR}/${FRAMEWORKS_FOLDER_PATH}/Realm.framework",
				"${TARGET_BUILD_DIR}/${FRAMEWORKS_FOLDER_PATH}/RealmSwift.framework",
			);
			runOnlyForDeploymentPostprocessing = 0;
			shellPath = /bin/sh;
			shellScript = "\"${SRCROOT}/Pods/Target Support Files/Pods-Todoey/Pods-Todoey-frameworks.sh\"\n";
			showEnvVarsInLog = 0;
		};
		E3569C8159B2B75D668F1B42 /* [CP] Check Pods Manifest.lock */ = {
			isa = PBXShellScriptBuildPhase;
			buildActionMask = 2147483647;
			files = (
			);
			inputPaths = (
				"${PODS_PODFILE_DIR_PATH}/Podfile.lock",
				"${PODS_ROOT}/Manifest.lock",
			);
			name = "[CP] Check Pods Manifest.lock";
			outputPaths = (
				"$(DERIVED_FILE_DIR)/Pods-Todoey-checkManifestLockResult.txt",
			);
			runOnlyForDeploymentPostprocessing = 0;
			shellPath = /bin/sh;
			shellScript = "diff \"${PODS_PODFILE_DIR_PATH}/Podfile.lock\" \"${PODS_ROOT}/Manifest.lock\" > /dev/null\nif [ $? != 0 ] ; then\n    # print error to STDERR\n    echo \"error: The sandbox is not in sync with the Podfile.lock. Run 'pod install' or update your CocoaPods installation.\" >&2\n    exit 1\nfi\n# This output is used by Xcode 'outputs' to avoid re-running this script phase.\necho \"SUCCESS\" > \"${SCRIPT_OUTPUT_FILE_0}\"\n";
			showEnvVarsInLog = 0;
		};
/* End PBXShellScriptBuildPhase section */

/* Begin PBXSourcesBuildPhase section */
		C50905A3203EF7E200301576 /* Sources */ = {
			isa = PBXSourcesBuildPhase;
			buildActionMask = 2147483647;
			files = (
				C56642172042E1B3008DB759 /* Item.swift in Sources */,
				C5ED3CFD20411E6C00C17658 /* CategoryViewController.swift in Sources */,
				C50905AD203EF7E200301576 /* TodoListViewController.swift in Sources */,
				C50905AB203EF7E200301576 /* AppDelegate.swift in Sources */,
				C56642192042E1C8008DB759 /* Category.swift in Sources */,
			);
			runOnlyForDeploymentPostprocessing = 0;
		};
/* End PBXSourcesBuildPhase section */

/* Begin PBXVariantGroup section */
		C50905AE203EF7E200301576 /* Main.storyboard */ = {
			isa = PBXVariantGroup;
			children = (
				C50905AF203EF7E200301576 /* Base */,
			);
			name = Main.storyboard;
			sourceTree = "<group>";
		};
		C50905B3203EF7E200301576 /* LaunchScreen.storyboard */ = {
			isa = PBXVariantGroup;
			children = (
				C50905B4203EF7E200301576 /* Base */,
			);
			name = LaunchScreen.storyboard;
			sourceTree = "<group>";
		};
/* End PBXVariantGroup section */

/* Begin XCBuildConfiguration section */
		C50905B7203EF7E200301576 /* Debug */ = {
			isa = XCBuildConfiguration;
			buildSettings = {
				ALWAYS_SEARCH_USER_PATHS = NO;
				CLANG_ANALYZER_NONNULL = YES;
				CLANG_ANALYZER_NUMBER_OBJECT_CONVERSION = YES_AGGRESSIVE;
				CLANG_CXX_LANGUAGE_STANDARD = "gnu++14";
				CLANG_CXX_LIBRARY = "libc++";
				CLANG_ENABLE_MODULES = YES;
				CLANG_ENABLE_OBJC_ARC = YES;
				CLANG_WARN_BLOCK_CAPTURE_AUTORELEASING = YES;
				CLANG_WARN_BOOL_CONVERSION = YES;
				CLANG_WARN_COMMA = YES;
				CLANG_WARN_CONSTANT_CONVERSION = YES;
				CLANG_WARN_DIRECT_OBJC_ISA_USAGE = YES_ERROR;
				CLANG_WARN_DOCUMENTATION_COMMENTS = YES;
				CLANG_WARN_EMPTY_BODY = YES;
				CLANG_WARN_ENUM_CONVERSION = YES;
				CLANG_WARN_INFINITE_RECURSION = YES;
				CLANG_WARN_INT_CONVERSION = YES;
				CLANG_WARN_NON_LITERAL_NULL_CONVERSION = YES;
				CLANG_WARN_OBJC_LITERAL_CONVERSION = YES;
				CLANG_WARN_OBJC_ROOT_CLASS = YES_ERROR;
				CLANG_WARN_RANGE_LOOP_ANALYSIS = YES;
				CLANG_WARN_STRICT_PROTOTYPES = YES;
				CLANG_WARN_SUSPICIOUS_MOVE = YES;
				CLANG_WARN_UNGUARDED_AVAILABILITY = YES_AGGRESSIVE;
				CLANG_WARN_UNREACHABLE_CODE = YES;
				CLANG_WARN__DUPLICATE_METHOD_MATCH = YES;
				CODE_SIGN_IDENTITY = "iPhone Developer";
				COPY_PHASE_STRIP = NO;
				DEBUG_INFORMATION_FORMAT = dwarf;
				ENABLE_STRICT_OBJC_MSGSEND = YES;
				ENABLE_TESTABILITY = YES;
				GCC_C_LANGUAGE_STANDARD = gnu11;
				GCC_DYNAMIC_NO_PIC = NO;
				GCC_NO_COMMON_BLOCKS = YES;
				GCC_OPTIMIZATION_LEVEL = 0;
				GCC_PREPROCESSOR_DEFINITIONS = (
					"DEBUG=1",
					"$(inherited)",
				);
				GCC_WARN_64_TO_32_BIT_CONVERSION = YES;
				GCC_WARN_ABOUT_RETURN_TYPE = YES_ERROR;
				GCC_WARN_UNDECLARED_SELECTOR = YES;
				GCC_WARN_UNINITIALIZED_AUTOS = YES_AGGRESSIVE;
				GCC_WARN_UNUSED_FUNCTION = YES;
				GCC_WARN_UNUSED_VARIABLE = YES;
				IPHONEOS_DEPLOYMENT_TARGET = 11.0;
				MTL_ENABLE_DEBUG_INFO = YES;
				ONLY_ACTIVE_ARCH = YES;
				SDKROOT = iphoneos;
				SWIFT_ACTIVE_COMPILATION_CONDITIONS = DEBUG;
				SWIFT_OPTIMIZATION_LEVEL = "-Onone";
			};
			name = Debug;
		};
		C50905B8203EF7E200301576 /* Release */ = {
			isa = XCBuildConfiguration;
			buildSettings = {
				ALWAYS_SEARCH_USER_PATHS = NO;
				CLANG_ANALYZER_NONNULL = YES;
				CLANG_ANALYZER_NUMBER_OBJECT_CONVERSION = YES_AGGRESSIVE;
				CLANG_CXX_LANGUAGE_STANDARD = "gnu++14";
				CLANG_CXX_LIBRARY = "libc++";
				CLANG_ENABLE_MODULES = YES;
				CLANG_ENABLE_OBJC_ARC = YES;
				CLANG_WARN_BLOCK_CAPTURE_AUTORELEASING = YES;
				CLANG_WARN_BOOL_CONVERSION = YES;
				CLANG_WARN_COMMA = YES;
				CLANG_WARN_CONSTANT_CONVERSION = YES;
				CLANG_WARN_DIRECT_OBJC_ISA_USAGE = YES_ERROR;
				CLANG_WARN_DOCUMENTATION_COMMENTS = YES;
				CLANG_WARN_EMPTY_BODY = YES;
				CLANG_WARN_ENUM_CONVERSION = YES;
				CLANG_WARN_INFINITE_RECURSION = YES;
				CLANG_WARN_INT_CONVERSION = YES;
				CLANG_WARN_NON_LITERAL_NULL_CONVERSION = YES;
				CLANG_WARN_OBJC_LITERAL_CONVERSION = YES;
				CLANG_WARN_OBJC_ROOT_CLASS = YES_ERROR;
				CLANG_WARN_RANGE_LOOP_ANALYSIS = YES;
				CLANG_WARN_STRICT_PROTOTYPES = YES;
				CLANG_WARN_SUSPICIOUS_MOVE = YES;
				CLANG_WARN_UNGUARDED_AVAILABILITY = YES_AGGRESSIVE;
				CLANG_WARN_UNREACHABLE_CODE = YES;
				CLANG_WARN__DUPLICATE_METHOD_MATCH = YES;
				CODE_SIGN_IDENTITY = "iPhone Developer";
				COPY_PHASE_STRIP = NO;
				DEBUG_INFORMATION_FORMAT = "dwarf-with-dsym";
				ENABLE_NS_ASSERTIONS = NO;
				ENABLE_STRICT_OBJC_MSGSEND = YES;
				GCC_C_LANGUAGE_STANDARD = gnu11;
				GCC_NO_COMMON_BLOCKS = YES;
				GCC_WARN_64_TO_32_BIT_CONVERSION = YES;
				GCC_WARN_ABOUT_RETURN_TYPE = YES_ERROR;
				GCC_WARN_UNDECLARED_SELECTOR = YES;
				GCC_WARN_UNINITIALIZED_AUTOS = YES_AGGRESSIVE;
				GCC_WARN_UNUSED_FUNCTION = YES;
				GCC_WARN_UNUSED_VARIABLE = YES;
				IPHONEOS_DEPLOYMENT_TARGET = 11.0;
				MTL_ENABLE_DEBUG_INFO = NO;
				SDKROOT = iphoneos;
				SWIFT_OPTIMIZATION_LEVEL = "-Owholemodule";
				VALIDATE_PRODUCT = YES;
			};
			name = Release;
		};
		C50905BA203EF7E200301576 /* Debug */ = {
			isa = XCBuildConfiguration;
			baseConfigurationReference = 6136CC516941C8DBBAE12687 /* Pods-Todoey.debug.xcconfig */;
			buildSettings = {
				ASSETCATALOG_COMPILER_APPICON_NAME = AppIcon;
				CODE_SIGN_STYLE = Automatic;
				DEVELOPMENT_TEAM = FWNWQFMK8N;
				INFOPLIST_FILE = Todoey/Info.plist;
				LD_RUNPATH_SEARCH_PATHS = "$(inherited) @executable_path/Frameworks";
				PRODUCT_BUNDLE_IDENTIFIER = com.bobbyOeng.Todoey;
				PRODUCT_NAME = "$(TARGET_NAME)";
				SWIFT_VERSION = 4.0;
				TARGETED_DEVICE_FAMILY = "1,2";
			};
			name = Debug;
		};
		C50905BB203EF7E200301576 /* Release */ = {
			isa = XCBuildConfiguration;
			baseConfigurationReference = D5984E0551BFC481053D3267 /* Pods-Todoey.release.xcconfig */;
			buildSettings = {
				ASSETCATALOG_COMPILER_APPICON_NAME = AppIcon;
				CODE_SIGN_STYLE = Automatic;
				DEVELOPMENT_TEAM = FWNWQFMK8N;
				INFOPLIST_FILE = Todoey/Info.plist;
				LD_RUNPATH_SEARCH_PATHS = "$(inherited) @executable_path/Frameworks";
				PRODUCT_BUNDLE_IDENTIFIER = com.bobbyOeng.Todoey;
				PRODUCT_NAME = "$(TARGET_NAME)";
				SWIFT_VERSION = 4.0;
				TARGETED_DEVICE_FAMILY = "1,2";
			};
			name = Release;
		};
/* End XCBuildConfiguration section */

/* Begin XCConfigurationList section */
		C50905A2203EF7E200301576 /* Build configuration list for PBXProject "Todoey" */ = {
			isa = XCConfigurationList;
			buildConfigurations = (
				C50905B7203EF7E200301576 /* Debug */,
				C50905B8203EF7E200301576 /* Release */,
			);
			defaultConfigurationIsVisible = 0;
			defaultConfigurationName = Release;
		};
		C50905B9203EF7E200301576 /* Build configuration list for PBXNativeTarget "Todoey" */ = {
			isa = XCConfigurationList;
			buildConfigurations = (
				C50905BA203EF7E200301576 /* Debug */,
				C50905BB203EF7E200301576 /* Release */,
			);
			defaultConfigurationIsVisible = 0;
			defaultConfigurationName = Release;
		};
/* End XCConfigurationList section */
	};
	rootObject = C509059F203EF7E200301576 /* Project object */;
}
